{
  "name": "shogicore",
  "version": "1.0.0",
  "lockfileVersion": 2,
  "requires": true,
  "packages": {
    "": {
      "version": "1.0.0",
      "license": "ISC",
      "devDependencies": {
        "dateformat": "^4.4.1"
      }
    },
    "node_modules/dateformat": {
      "version": "4.4.1",
      "resolved": "https://registry.npmjs.org/dateformat/-/dateformat-4.4.1.tgz",
      "integrity": "sha512-3V9b/50QBYmFtd2c3cPOmdr2xNfnDphoBLxh/UVBoPIsylWkbUYGq3f4EQYuEaK7Mq4vcIpQCmOyJ37pqW/Uug==",
      "dev": true,
      "engines": {
        "node": "*"
      }
    }
  },
  "dependencies": {
    "dateformat": {
      "version": "4.4.1",
      "resolved": "https://registry.npmjs.org/dateformat/-/dateformat-4.4.1.tgz",
      "integrity": "sha512-3V9b/50QBYmFtd2c3cPOmdr2xNfnDphoBLxh/UVBoPIsylWkbUYGq3f4EQYuEaK7Mq4vcIpQCmOyJ37pqW/Uug==",
      "dev": true
    }
  }
}
